
Microsoft Visual Studio Solution File, Format Version 12.00
# Visual Studio Version 16
VisualStudioVersion = 16.0.30621.155
MinimumVisualStudioVersion = 10.0.40219.1
Project("{FAE04EC0-301F-11D3-BF4B-00C04F79EFBC}") = "PolarCoordinates", "PolarCoordinates.csproj", "{F40D5EC1-3CD8-4211-A297-9AC70C5EE595}"
EndProject
Global
	GlobalSection(SolutionConfigurationPlatforms) = preSolution
		Debug|Any CPU = Debug|Any CPU
		Release|Any CPU = Release|Any CPU
	EndGlobalSection
	GlobalSection(ProjectConfigurationPlatforms) = postSolution
		{F40D5EC1-3CD8-4211-A297-9AC70C5EE595}.Debug|Any CPU.ActiveCfg = Debug|Any CPU
		{F40D5EC1-3CD8-4211-A297-9AC70C5EE595}.Debug|Any CPU.Build.0 = Debug|Any CPU
		{F40D5EC1-3CD8-4211-A297-9AC70C5EE595}.Release|Any CPU.ActiveCfg = Release|Any CPU
		{F40D5EC1-3CD8-4211-A297-9AC70C5EE595}.Release|Any CPU.Build.0 = Release|Any CPU
	EndGlobalSection
	GlobalSection(SolutionProperties) = preSolution
		HideSolutionNode = FALSE
	EndGlobalSection
	GlobalSection(ExtensibilityGlobals) = postSolution
		SolutionGuid = {1F80166D-199E-4498-997E-4192886705B3}
	EndGlobalSection
EndGlobal
